
Microsoft Visual Studio Solution File, Format Version 12.00
# Visual Studio Version 16
VisualStudioVersion = 16.0.31321.278
MinimumVisualStudioVersion = 10.0.40219.1
Project("{FAE04EC0-301F-11D3-BF4B-00C04F79EFBC}") = "CS412Final_Al-Goboori", "CS412Final_Al-Goboori\CS412Final_Al-Goboori.csproj", "{7E6D1CD4-0AB3-438C-A057-54927142A5E4}"
EndProject
Global
	GlobalSection(SolutionConfigurationPlatforms) = preSolution
		Debug|Any CPU = Debug|Any CPU
		Release|Any CPU = Release|Any CPU
	EndGlobalSection
	GlobalSection(ProjectConfigurationPlatforms) = postSolution
		{7E6D1CD4-0AB3-438C-A057-54927142A5E4}.Debug|Any CPU.ActiveCfg = Debug|Any CPU
		{7E6D1CD4-0AB3-438C-A057-54927142A5E4}.Debug|Any CPU.Build.0 = Debug|Any CPU
		{7E6D1CD4-0AB3-438C-A057-54927142A5E4}.Release|Any CPU.ActiveCfg = Release|Any CPU
		{7E6D1CD4-0AB3-438C-A057-54927142A5E4}.Release|Any CPU.Build.0 = Release|Any CPU
	EndGlobalSection
	GlobalSection(SolutionProperties) = preSolution
		HideSolutionNode = FALSE
	EndGlobalSection
	GlobalSection(ExtensibilityGlobals) = postSolution
		SolutionGuid = {B556A854-8184-45BA-8F1F-1A14A3740A67}
	EndGlobalSection
EndGlobal
